
Microsoft Visual Studio Solution File, Format Version 11.00
# Visual Studio 2010
Project("{FAE04EC0-301F-11D3-BF4B-00C04F79EFBC}") = "MyFirstGame", "MyFirstGame\MyFirstGame\MyFirstGame.csproj", "{93A5BF94-A64D-4CE9-98FE-1585DF1BA870}"
EndProject
Project("{96E2B04D-8817-42C6-938A-82C39BA4D311}") = "MyFirstGameContent", "MyFirstGame\MyFirstGameContent\MyFirstGameContent.contentproj", "{28626DBA-F4AD-4CCD-84FA-172C294E9BEA}"
EndProject
Global
	GlobalSection(SolutionConfigurationPlatforms) = preSolution
		Debug|x86 = Debug|x86
		Release|x86 = Release|x86
	EndGlobalSection
	GlobalSection(ProjectConfigurationPlatforms) = postSolution
		{93A5BF94-A64D-4CE9-98FE-1585DF1BA870}.Debug|x86.ActiveCfg = Debug|x86
		{93A5BF94-A64D-4CE9-98FE-1585DF1BA870}.Debug|x86.Build.0 = Debug|x86
		{93A5BF94-A64D-4CE9-98FE-1585DF1BA870}.Release|x86.ActiveCfg = Release|x86
		{93A5BF94-A64D-4CE9-98FE-1585DF1BA870}.Release|x86.Build.0 = Release|x86
		{28626DBA-F4AD-4CCD-84FA-172C294E9BEA}.Debug|x86.ActiveCfg = Debug|x86
		{28626DBA-F4AD-4CCD-84FA-172C294E9BEA}.Release|x86.ActiveCfg = Release|x86
	EndGlobalSection
	GlobalSection(SolutionProperties) = preSolution
		HideSolutionNode = FALSE
	EndGlobalSection
EndGlobal
