
Microsoft Visual Studio Solution File, Format Version 11.00
# Visual Studio 2010
Project("{FAE04EC0-301F-11D3-BF4B-00C04F79EFBC}") = "TitleScreen", "TitleScreen\TitleScreen\TitleScreen.csproj", "{1E4B01FD-8BC1-4D76-BF78-21FD9C08EC3A}"
EndProject
Project("{96E2B04D-8817-42C6-938A-82C39BA4D311}") = "TitleScreenContent", "TitleScreen\TitleScreenContent\TitleScreenContent.contentproj", "{AC549D21-243E-439F-BABF-DF84FE6AB4A3}"
EndProject
Global
	GlobalSection(SolutionConfigurationPlatforms) = preSolution
		Debug|x86 = Debug|x86
		Release|x86 = Release|x86
	EndGlobalSection
	GlobalSection(ProjectConfigurationPlatforms) = postSolution
		{1E4B01FD-8BC1-4D76-BF78-21FD9C08EC3A}.Debug|x86.ActiveCfg = Debug|x86
		{1E4B01FD-8BC1-4D76-BF78-21FD9C08EC3A}.Debug|x86.Build.0 = Debug|x86
		{1E4B01FD-8BC1-4D76-BF78-21FD9C08EC3A}.Release|x86.ActiveCfg = Release|x86
		{1E4B01FD-8BC1-4D76-BF78-21FD9C08EC3A}.Release|x86.Build.0 = Release|x86
		{AC549D21-243E-439F-BABF-DF84FE6AB4A3}.Debug|x86.ActiveCfg = Debug|x86
		{AC549D21-243E-439F-BABF-DF84FE6AB4A3}.Release|x86.ActiveCfg = Release|x86
	EndGlobalSection
	GlobalSection(SolutionProperties) = preSolution
		HideSolutionNode = FALSE
	EndGlobalSection
EndGlobal
